
Microsoft Visual Studio Solution File, Format Version 12.00
# Visual Studio Version 16
VisualStudioVersion = 16.0.31321.278
MinimumVisualStudioVersion = 10.0.40219.1
Project("{FAE04EC0-301F-11D3-BF4B-00C04F79EFBC}") = "HuntHighlightCopy", "HuntHighlightCopy\HuntHighlightCopy.csproj", "{982601A5-0D58-4586-82E7-A081416D3E0D}"
EndProject
Global
	GlobalSection(SolutionConfigurationPlatforms) = preSolution
		Debug|Any CPU = Debug|Any CPU
		Release|Any CPU = Release|Any CPU
	EndGlobalSection
	GlobalSection(ProjectConfigurationPlatforms) = postSolution
		{982601A5-0D58-4586-82E7-A081416D3E0D}.Debug|Any CPU.ActiveCfg = Debug|Any CPU
		{982601A5-0D58-4586-82E7-A081416D3E0D}.Debug|Any CPU.Build.0 = Debug|Any CPU
		{982601A5-0D58-4586-82E7-A081416D3E0D}.Release|Any CPU.ActiveCfg = Release|Any CPU
		{982601A5-0D58-4586-82E7-A081416D3E0D}.Release|Any CPU.Build.0 = Release|Any CPU
	EndGlobalSection
	GlobalSection(SolutionProperties) = preSolution
		HideSolutionNode = FALSE
	EndGlobalSection
	GlobalSection(ExtensibilityGlobals) = postSolution
		SolutionGuid = {AB914CF4-4283-493C-8DF3-1838D248B511}
	EndGlobalSection
EndGlobal
